
Microsoft Visual Studio Solution File, Format Version 12.00
# Visual Studio Version 17
VisualStudioVersion = 17.1.32319.34
MinimumVisualStudioVersion = 10.0.40219.1
Project("{9A19103F-16F7-4668-BE54-9A1E7A4F7556}") = "EtlJobsProcessor", "src\Consoles\EtlJobsProcessor\EtlJobsProcessor.csproj", "{A3A05CA8-88CD-41DA-BD7C-57753CB8342D}"
EndProject
Project("{2150E333-8FDC-42A3-9474-1A3956D46DE8}") = "Domain", "Domain", "{05571AED-89F5-4CD7-BFB5-E95B160A38EA}"
EndProject
Project("{2150E333-8FDC-42A3-9474-1A3956D46DE8}") = "Libraries", "Libraries", "{2FD1909C-75EB-4FE2-8C95-FF57B84982BC}"
EndProject
Project("{2150E333-8FDC-42A3-9474-1A3956D46DE8}") = "Cloud", "Cloud", "{4CBD4CAE-F9DC-4D58-9072-58D8A26A76A0}"
EndProject
Project("{2150E333-8FDC-42A3-9474-1A3956D46DE8}") = "Common", "Common", "{6D24DC22-BD34-4A8A-BB20-4EDE006B8D47}"
EndProject
Project("{2150E333-8FDC-42A3-9474-1A3956D46DE8}") = "Compiler", "Compiler", "{2CA52E34-AB65-4D59-90DE-8BAC5C75A7C8}"
EndProject
Project("{2150E333-8FDC-42A3-9474-1A3956D46DE8}") = "Database", "Database", "{D3E537C1-BB66-406C-A8EB-615767C17953}"
EndProject
Project("{9A19103F-16F7-4668-BE54-9A1E7A4F7556}") = "LibHelper", "..\..\..\Libraries\Common\LibHelper\src\LibHelper.csproj", "{06F1F4E8-DA6E-420A-B6E8-284E6A2D21B2}"
EndProject
Project("{9A19103F-16F7-4668-BE54-9A1E7A4F7556}") = "LibMarkup", "..\..\..\Libraries\Common\LibMarkup\src\LibMarkup.csproj", "{FA62E681-8D11-4FC1-BA06-C99C0DB9E288}"
EndProject
Project("{9A19103F-16F7-4668-BE54-9A1E7A4F7556}") = "LibCsvFiles", "..\..\..\Libraries\Formats\LibCsvFiles\src\LibCsvFiles.csproj", "{2019712B-6F23-40A3-9184-23471EDB7F1E}"
EndProject
Project("{9A19103F-16F7-4668-BE54-9A1E7A4F7556}") = "LibDataStructures", "..\..\..\Libraries\Common\LibDataStructures\src\LibDataStructures.csproj", "{C185C0D0-937E-4BE9-9620-0620C7D93519}"
EndProject
Project("{9A19103F-16F7-4668-BE54-9A1E7A4F7556}") = "LibParquetFiles", "..\..\..\Libraries\Formats\LibParquetFiles\src\LibParquetFiles.csproj", "{1CFB5AE5-4053-4BD0-AF4D-B1881EBAA9AB}"
EndProject
Project("{9A19103F-16F7-4668-BE54-9A1E7A4F7556}") = "LibDbProviders.Base", "..\..\..\Libraries\DataBase\src\DataBaseProviders\LibDbProviders.Base\LibDbProviders.Base.csproj", "{F8DF2644-6B41-4735-8E9A-15A77AC1BEC3}"
EndProject
Project("{9A19103F-16F7-4668-BE54-9A1E7A4F7556}") = "LibDbProviders.MySql", "..\..\..\Libraries\DataBase\src\DataBaseProviders\LibDbProviders.MySql\LibDbProviders.MySql.csproj", "{B7E06955-7E25-423E-BD45-DCA9AE49173E}"
EndProject
Project("{9A19103F-16F7-4668-BE54-9A1E7A4F7556}") = "LibDbProviders.Odbc", "..\..\..\Libraries\DataBase\src\DataBaseProviders\LibDbProviders.Odbc\LibDbProviders.Odbc.csproj", "{2D71C80D-2E7D-4500-B1D6-2D17ECE25058}"
EndProject
Project("{9A19103F-16F7-4668-BE54-9A1E7A4F7556}") = "LibDbProviders.PostgreSql", "..\..\..\Libraries\DataBase\src\DataBaseProviders\LibDbProviders.PostgreSql\LibDbProviders.PostgreSql.csproj", "{820D9FA6-0D3A-4ED1-81F7-E531DD9E7E5A}"
EndProject
Project("{9A19103F-16F7-4668-BE54-9A1E7A4F7556}") = "LibDbProviders.Spark", "..\..\..\Libraries\DataBase\src\DataBaseProviders\LibDbProviders.Spark\LibDbProviders.Spark.csproj", "{38715AEC-BE38-4F37-ABB7-70B2B6C9B979}"
EndProject
Project("{9A19103F-16F7-4668-BE54-9A1E7A4F7556}") = "LibDbProviders.SqLite", "..\..\..\Libraries\DataBase\src\DataBaseProviders\LibDbProviders.SqLite\LibDbProviders.SqLite.csproj", "{3931504A-4F15-4690-8ED5-E9F5CB60FFC4}"
EndProject
Project("{9A19103F-16F7-4668-BE54-9A1E7A4F7556}") = "LibDbProviders.SqlServer", "..\..\..\Libraries\DataBase\src\DataBaseProviders\LibDbProviders.SqlServer\LibDbProviders.SqlServer.csproj", "{6DE98EC7-45E4-4D0B-A1F6-6605CE8104DA}"
EndProject
Project("{9A19103F-16F7-4668-BE54-9A1E7A4F7556}") = "DbAggregator", "..\..\..\Libraries\DataBase\src\DbAggregator\DbAggregator.csproj", "{9C2806F9-3B1E-4678-9807-1D8220868C91}"
EndProject
Project("{9A19103F-16F7-4668-BE54-9A1E7A4F7556}") = "LibJobProcessor.Core", "src\Libraries\LibJobProcessor.Core\LibJobProcessor.Core.csproj", "{FAD6A215-A690-49C8-A836-804B54528C43}"
EndProject
Project("{9A19103F-16F7-4668-BE54-9A1E7A4F7556}") = "LibJobProcessor.Manager", "src\Libraries\LibJobProcessor.Manager\LibJobProcessor.Manager.csproj", "{0E73341F-7757-48FF-8794-523CCB799FCB}"
EndProject
Project("{9A19103F-16F7-4668-BE54-9A1E7A4F7556}") = "LibJsonFiles", "..\..\..\Libraries\Formats\LibJsonFiles\src\LibJsonFiles.csproj", "{14B2B050-6599-45AD-BDEA-C02EDDBFE419}"
EndProject
Project("{2150E333-8FDC-42A3-9474-1A3956D46DE8}") = "DbScripts", "DbScripts", "{94547A1B-86F0-4D82-B930-FA4C4F9F334E}"
EndProject
Project("{9A19103F-16F7-4668-BE54-9A1E7A4F7556}") = "LibDbScripts.Parser", "..\..\..\Libraries\DataBase\DbScripts\LibDbScripts.Parser\LibDbScripts.Parser.csproj", "{C91A4D8B-89A7-4FB1-B181-F875E6A0B056}"
EndProject
Project("{9A19103F-16F7-4668-BE54-9A1E7A4F7556}") = "LibPowershell", "..\..\..\Libraries\Common\LibPowerShell\src\LibPowershell\LibPowershell.csproj", "{94AEC63F-945F-47C0-82C7-22EECE9E2F4F}"
EndProject
Project("{9A19103F-16F7-4668-BE54-9A1E7A4F7556}") = "LibInterpreter.Interpreter", "..\..\..\Libraries\Interpreter\Core\src\LibInterpreter.Interpreter\LibInterpreter.Interpreter.csproj", "{862B2566-17C2-4031-8815-A55C7A2DB322}"
EndProject
Project("{9A19103F-16F7-4668-BE54-9A1E7A4F7556}") = "LibInterpreter.Models", "..\..\..\Libraries\Interpreter\Core\src\LibInterpreter.Models\LibInterpreter.Models.csproj", "{E1F10428-8CE3-4C4E-96A2-1C7678E7E17C}"
EndProject
Project("{2150E333-8FDC-42A3-9474-1A3956D46DE8}") = "Processors", "Processors", "{06C795FC-B9FD-461B-82C3-D9E20A9F8585}"
EndProject
Project("{2150E333-8FDC-42A3-9474-1A3956D46DE8}") = "Tests", "Tests", "{57E2CD8C-16DC-488A-A819-2830052598EE}"
EndProject
Project("{9A19103F-16F7-4668-BE54-9A1E7A4F7556}") = "EtlJobs.Test", "tests\EtlJobs.Test\EtlJobs.Test.csproj", "{8F8DCBEE-E2C9-424B-B031-ED42FD2EA6ED}"
EndProject
Project("{9A19103F-16F7-4668-BE54-9A1E7A4F7556}") = "LibInterpreter.Lexer", "..\..\..\Libraries\Interpreter\Core\src\LibInterpreter.Lexer\LibInterpreter.Lexer.csproj", "{BC4EB46C-70CA-4527-B940-6BAF5B3B27D8}"
EndProject
Project("{2150E333-8FDC-42A3-9474-1A3956D46DE8}") = "FilesManager", "FilesManager", "{B443A0F0-E9C9-4505-A741-A8F22341A641}"
EndProject
Project("{9A19103F-16F7-4668-BE54-9A1E7A4F7556}") = "LibFileManager.Desktop", "src\Libraries\FilesManagers\LibFileManager.Desktop\LibFileManager.Desktop.csproj", "{6B6BBB8A-6C03-4FF8-917C-CEBFA58EEC97}"
EndProject
Project("{9A19103F-16F7-4668-BE54-9A1E7A4F7556}") = "LibJobProcessor.FilesStructured", "src\Libraries\Processors\LibJobProcessor.FilesStructured\LibJobProcessor.FilesStructured.csproj", "{75E2E122-2BA2-4BC2-BF5B-DAC0E89338D5}"
EndProject
Project("{9A19103F-16F7-4668-BE54-9A1E7A4F7556}") = "LibExcelFiles", "..\..\..\Libraries\Formats\LibExcelFiles\src\LibExcelFiles.csproj", "{4319E81A-DB8D-4970-80B5-3DECCA4A58A8}"
EndProject
Project("{9A19103F-16F7-4668-BE54-9A1E7A4F7556}") = "LibFileManager.BlobStorage", "src\Libraries\FilesManagers\LibFileManager.BlobStorage\LibFileManager.BlobStorage.csproj", "{BDC11802-C964-48D3-B246-3B7A60C27AFF}"
EndProject
Project("{9A19103F-16F7-4668-BE54-9A1E7A4F7556}") = "LibJobProcessor.Cloud", "src\Libraries\Processors\LibJobProcessor.Cloud\LibJobProcessor.Cloud.csproj", "{3A0F767E-6B17-4A73-A704-B8AEFCD3395C}"
EndProject
Project("{9A19103F-16F7-4668-BE54-9A1E7A4F7556}") = "LibJobProcessor.Database", "src\Libraries\Processors\LibJobProcessor.Database\LibJobProcessor.Database.csproj", "{4C23242F-4F58-4523-AE8E-592743D8217B}"
EndProject
Project("{9A19103F-16F7-4668-BE54-9A1E7A4F7556}") = "LibJobProcessor.FilesShell", "src\Libraries\Processors\LibJobProcessor.FilesShell\LibJobProcessor.FilesShell.csproj", "{6D103C6C-255E-488D-8A49-72E5BBEAB2A1}"
EndProject
Project("{9A19103F-16F7-4668-BE54-9A1E7A4F7556}") = "LibJobProcessor.Rest", "src\Libraries\Processors\LibJobProcessor.Rest\LibJobProcessor.Rest.csproj", "{1C0AA6AE-B2F8-4DB9-B8A0-7396D915EC11}"
EndProject
Project("{9A19103F-16F7-4668-BE54-9A1E7A4F7556}") = "LibJobProcessor.Powershell", "src\Libraries\Processors\LibJobProcessor.Powershell\LibJobProcessor.Powershell.csproj", "{A3B8EEA8-7D17-4C14-9C0D-2A54C0E4A00F}"
EndProject
Project("{9A19103F-16F7-4668-BE54-9A1E7A4F7556}") = "LibBlobStorage", "..\..\..\Libraries\Cloud\LibCloudStorage\src\LibBlobStorage\LibBlobStorage.csproj", "{F53D1818-8DFC-49E6-813F-B6FF902F5930}"
EndProject
Project("{2150E333-8FDC-42A3-9474-1A3956D46DE8}") = "Communications", "Communications", "{D4FEC4A7-6A6D-4A40-9C6A-6C6253ADBB12}"
EndProject
Project("{9A19103F-16F7-4668-BE54-9A1E7A4F7556}") = "LibRestClient", "..\..\..\Libraries\Communications\LibRestClient\LibRestClient.csproj", "{05F7D65D-CB26-4CAE-B56D-1818EA918116}"
EndProject
Global
	GlobalSection(SolutionConfigurationPlatforms) = preSolution
		Debug|Any CPU = Debug|Any CPU
		Release|Any CPU = Release|Any CPU
	EndGlobalSection
	GlobalSection(ProjectConfigurationPlatforms) = postSolution
		{A3A05CA8-88CD-41DA-BD7C-57753CB8342D}.Debug|Any CPU.ActiveCfg = Debug|Any CPU
		{A3A05CA8-88CD-41DA-BD7C-57753CB8342D}.Debug|Any CPU.Build.0 = Debug|Any CPU
		{A3A05CA8-88CD-41DA-BD7C-57753CB8342D}.Release|Any CPU.ActiveCfg = Release|Any CPU
		{A3A05CA8-88CD-41DA-BD7C-57753CB8342D}.Release|Any CPU.Build.0 = Release|Any CPU
		{06F1F4E8-DA6E-420A-B6E8-284E6A2D21B2}.Debug|Any CPU.ActiveCfg = Debug|Any CPU
		{06F1F4E8-DA6E-420A-B6E8-284E6A2D21B2}.Debug|Any CPU.Build.0 = Debug|Any CPU
		{06F1F4E8-DA6E-420A-B6E8-284E6A2D21B2}.Release|Any CPU.ActiveCfg = Release|Any CPU
		{06F1F4E8-DA6E-420A-B6E8-284E6A2D21B2}.Release|Any CPU.Build.0 = Release|Any CPU
		{FA62E681-8D11-4FC1-BA06-C99C0DB9E288}.Debug|Any CPU.ActiveCfg = Debug|Any CPU
		{FA62E681-8D11-4FC1-BA06-C99C0DB9E288}.Debug|Any CPU.Build.0 = Debug|Any CPU
		{FA62E681-8D11-4FC1-BA06-C99C0DB9E288}.Release|Any CPU.ActiveCfg = Release|Any CPU
		{FA62E681-8D11-4FC1-BA06-C99C0DB9E288}.Release|Any CPU.Build.0 = Release|Any CPU
		{2019712B-6F23-40A3-9184-23471EDB7F1E}.Debug|Any CPU.ActiveCfg = Debug|Any CPU
		{2019712B-6F23-40A3-9184-23471EDB7F1E}.Debug|Any CPU.Build.0 = Debug|Any CPU
		{2019712B-6F23-40A3-9184-23471EDB7F1E}.Release|Any CPU.ActiveCfg = Release|Any CPU
		{2019712B-6F23-40A3-9184-23471EDB7F1E}.Release|Any CPU.Build.0 = Release|Any CPU
		{C185C0D0-937E-4BE9-9620-0620C7D93519}.Debug|Any CPU.ActiveCfg = Debug|Any CPU
		{C185C0D0-937E-4BE9-9620-0620C7D93519}.Debug|Any CPU.Build.0 = Debug|Any CPU
		{C185C0D0-937E-4BE9-9620-0620C7D93519}.Release|Any CPU.ActiveCfg = Release|Any CPU
		{C185C0D0-937E-4BE9-9620-0620C7D93519}.Release|Any CPU.Build.0 = Release|Any CPU
		{1CFB5AE5-4053-4BD0-AF4D-B1881EBAA9AB}.Debug|Any CPU.ActiveCfg = Debug|Any CPU
		{1CFB5AE5-4053-4BD0-AF4D-B1881EBAA9AB}.Debug|Any CPU.Build.0 = Debug|Any CPU
		{1CFB5AE5-4053-4BD0-AF4D-B1881EBAA9AB}.Release|Any CPU.ActiveCfg = Release|Any CPU
		{1CFB5AE5-4053-4BD0-AF4D-B1881EBAA9AB}.Release|Any CPU.Build.0 = Release|Any CPU
		{F8DF2644-6B41-4735-8E9A-15A77AC1BEC3}.Debug|Any CPU.ActiveCfg = Debug|Any CPU
		{F8DF2644-6B41-4735-8E9A-15A77AC1BEC3}.Debug|Any CPU.Build.0 = Debug|Any CPU
		{F8DF2644-6B41-4735-8E9A-15A77AC1BEC3}.Release|Any CPU.ActiveCfg = Release|Any CPU
		{F8DF2644-6B41-4735-8E9A-15A77AC1BEC3}.Release|Any CPU.Build.0 = Release|Any CPU
		{B7E06955-7E25-423E-BD45-DCA9AE49173E}.Debug|Any CPU.ActiveCfg = Debug|Any CPU
		{B7E06955-7E25-423E-BD45-DCA9AE49173E}.Debug|Any CPU.Build.0 = Debug|Any CPU
		{B7E06955-7E25-423E-BD45-DCA9AE49173E}.Release|Any CPU.ActiveCfg = Release|Any CPU
		{B7E06955-7E25-423E-BD45-DCA9AE49173E}.Release|Any CPU.Build.0 = Release|Any CPU
		{2D71C80D-2E7D-4500-B1D6-2D17ECE25058}.Debug|Any CPU.ActiveCfg = Debug|Any CPU
		{2D71C80D-2E7D-4500-B1D6-2D17ECE25058}.Debug|Any CPU.Build.0 = Debug|Any CPU
		{2D71C80D-2E7D-4500-B1D6-2D17ECE25058}.Release|Any CPU.ActiveCfg = Release|Any CPU
		{2D71C80D-2E7D-4500-B1D6-2D17ECE25058}.Release|Any CPU.Build.0 = Release|Any CPU
		{820D9FA6-0D3A-4ED1-81F7-E531DD9E7E5A}.Debug|Any CPU.ActiveCfg = Debug|Any CPU
		{820D9FA6-0D3A-4ED1-81F7-E531DD9E7E5A}.Debug|Any CPU.Build.0 = Debug|Any CPU
		{820D9FA6-0D3A-4ED1-81F7-E531DD9E7E5A}.Release|Any CPU.ActiveCfg = Release|Any CPU
		{820D9FA6-0D3A-4ED1-81F7-E531DD9E7E5A}.Release|Any CPU.Build.0 = Release|Any CPU
		{38715AEC-BE38-4F37-ABB7-70B2B6C9B979}.Debug|Any CPU.ActiveCfg = Debug|Any CPU
		{38715AEC-BE38-4F37-ABB7-70B2B6C9B979}.Debug|Any CPU.Build.0 = Debug|Any CPU
		{38715AEC-BE38-4F37-ABB7-70B2B6C9B979}.Release|Any CPU.ActiveCfg = Release|Any CPU
		{38715AEC-BE38-4F37-ABB7-70B2B6C9B979}.Release|Any CPU.Build.0 = Release|Any CPU
		{3931504A-4F15-4690-8ED5-E9F5CB60FFC4}.Debug|Any CPU.ActiveCfg = Debug|Any CPU
		{3931504A-4F15-4690-8ED5-E9F5CB60FFC4}.Debug|Any CPU.Build.0 = Debug|Any CPU
		{3931504A-4F15-4690-8ED5-E9F5CB60FFC4}.Release|Any CPU.ActiveCfg = Release|Any CPU
		{3931504A-4F15-4690-8ED5-E9F5CB60FFC4}.Release|Any CPU.Build.0 = Release|Any CPU
		{6DE98EC7-45E4-4D0B-A1F6-6605CE8104DA}.Debug|Any CPU.ActiveCfg = Debug|Any CPU
		{6DE98EC7-45E4-4D0B-A1F6-6605CE8104DA}.Debug|Any CPU.Build.0 = Debug|Any CPU
		{6DE98EC7-45E4-4D0B-A1F6-6605CE8104DA}.Release|Any CPU.ActiveCfg = Release|Any CPU
		{6DE98EC7-45E4-4D0B-A1F6-6605CE8104DA}.Release|Any CPU.Build.0 = Release|Any CPU
		{9C2806F9-3B1E-4678-9807-1D8220868C91}.Debug|Any CPU.ActiveCfg = Debug|Any CPU
		{9C2806F9-3B1E-4678-9807-1D8220868C91}.Debug|Any CPU.Build.0 = Debug|Any CPU
		{9C2806F9-3B1E-4678-9807-1D8220868C91}.Release|Any CPU.ActiveCfg = Release|Any CPU
		{9C2806F9-3B1E-4678-9807-1D8220868C91}.Release|Any CPU.Build.0 = Release|Any CPU
		{FAD6A215-A690-49C8-A836-804B54528C43}.Debug|Any CPU.ActiveCfg = Debug|Any CPU
		{FAD6A215-A690-49C8-A836-804B54528C43}.Debug|Any CPU.Build.0 = Debug|Any CPU
		{FAD6A215-A690-49C8-A836-804B54528C43}.Release|Any CPU.ActiveCfg = Release|Any CPU
		{FAD6A215-A690-49C8-A836-804B54528C43}.Release|Any CPU.Build.0 = Release|Any CPU
		{0E73341F-7757-48FF-8794-523CCB799FCB}.Debug|Any CPU.ActiveCfg = Debug|Any CPU
		{0E73341F-7757-48FF-8794-523CCB799FCB}.Debug|Any CPU.Build.0 = Debug|Any CPU
		{0E73341F-7757-48FF-8794-523CCB799FCB}.Release|Any CPU.ActiveCfg = Release|Any CPU
		{0E73341F-7757-48FF-8794-523CCB799FCB}.Release|Any CPU.Build.0 = Release|Any CPU
		{14B2B050-6599-45AD-BDEA-C02EDDBFE419}.Debug|Any CPU.ActiveCfg = Debug|Any CPU
		{14B2B050-6599-45AD-BDEA-C02EDDBFE419}.Debug|Any CPU.Build.0 = Debug|Any CPU
		{14B2B050-6599-45AD-BDEA-C02EDDBFE419}.Release|Any CPU.ActiveCfg = Release|Any CPU
		{14B2B050-6599-45AD-BDEA-C02EDDBFE419}.Release|Any CPU.Build.0 = Release|Any CPU
		{C91A4D8B-89A7-4FB1-B181-F875E6A0B056}.Debug|Any CPU.ActiveCfg = Debug|Any CPU
		{C91A4D8B-89A7-4FB1-B181-F875E6A0B056}.Debug|Any CPU.Build.0 = Debug|Any CPU
		{C91A4D8B-89A7-4FB1-B181-F875E6A0B056}.Release|Any CPU.ActiveCfg = Release|Any CPU
		{C91A4D8B-89A7-4FB1-B181-F875E6A0B056}.Release|Any CPU.Build.0 = Release|Any CPU
		{94AEC63F-945F-47C0-82C7-22EECE9E2F4F}.Debug|Any CPU.ActiveCfg = Debug|Any CPU
		{94AEC63F-945F-47C0-82C7-22EECE9E2F4F}.Debug|Any CPU.Build.0 = Debug|Any CPU
		{94AEC63F-945F-47C0-82C7-22EECE9E2F4F}.Release|Any CPU.ActiveCfg = Release|Any CPU
		{94AEC63F-945F-47C0-82C7-22EECE9E2F4F}.Release|Any CPU.Build.0 = Release|Any CPU
		{862B2566-17C2-4031-8815-A55C7A2DB322}.Debug|Any CPU.ActiveCfg = Debug|Any CPU
		{862B2566-17C2-4031-8815-A55C7A2DB322}.Debug|Any CPU.Build.0 = Debug|Any CPU
		{862B2566-17C2-4031-8815-A55C7A2DB322}.Release|Any CPU.ActiveCfg = Release|Any CPU
		{862B2566-17C2-4031-8815-A55C7A2DB322}.Release|Any CPU.Build.0 = Release|Any CPU
		{E1F10428-8CE3-4C4E-96A2-1C7678E7E17C}.Debug|Any CPU.ActiveCfg = Debug|Any CPU
		{E1F10428-8CE3-4C4E-96A2-1C7678E7E17C}.Debug|Any CPU.Build.0 = Debug|Any CPU
		{E1F10428-8CE3-4C4E-96A2-1C7678E7E17C}.Release|Any CPU.ActiveCfg = Release|Any CPU
		{E1F10428-8CE3-4C4E-96A2-1C7678E7E17C}.Release|Any CPU.Build.0 = Release|Any CPU
		{8F8DCBEE-E2C9-424B-B031-ED42FD2EA6ED}.Debug|Any CPU.ActiveCfg = Debug|Any CPU
		{8F8DCBEE-E2C9-424B-B031-ED42FD2EA6ED}.Debug|Any CPU.Build.0 = Debug|Any CPU
		{8F8DCBEE-E2C9-424B-B031-ED42FD2EA6ED}.Release|Any CPU.ActiveCfg = Release|Any CPU
		{8F8DCBEE-E2C9-424B-B031-ED42FD2EA6ED}.Release|Any CPU.Build.0 = Release|Any CPU
		{BC4EB46C-70CA-4527-B940-6BAF5B3B27D8}.Debug|Any CPU.ActiveCfg = Debug|Any CPU
		{BC4EB46C-70CA-4527-B940-6BAF5B3B27D8}.Debug|Any CPU.Build.0 = Debug|Any CPU
		{BC4EB46C-70CA-4527-B940-6BAF5B3B27D8}.Release|Any CPU.ActiveCfg = Release|Any CPU
		{BC4EB46C-70CA-4527-B940-6BAF5B3B27D8}.Release|Any CPU.Build.0 = Release|Any CPU
		{6B6BBB8A-6C03-4FF8-917C-CEBFA58EEC97}.Debug|Any CPU.ActiveCfg = Debug|Any CPU
		{6B6BBB8A-6C03-4FF8-917C-CEBFA58EEC97}.Debug|Any CPU.Build.0 = Debug|Any CPU
		{6B6BBB8A-6C03-4FF8-917C-CEBFA58EEC97}.Release|Any CPU.ActiveCfg = Release|Any CPU
		{6B6BBB8A-6C03-4FF8-917C-CEBFA58EEC97}.Release|Any CPU.Build.0 = Release|Any CPU
		{75E2E122-2BA2-4BC2-BF5B-DAC0E89338D5}.Debug|Any CPU.ActiveCfg = Debug|Any CPU
		{75E2E122-2BA2-4BC2-BF5B-DAC0E89338D5}.Debug|Any CPU.Build.0 = Debug|Any CPU
		{75E2E122-2BA2-4BC2-BF5B-DAC0E89338D5}.Release|Any CPU.ActiveCfg = Release|Any CPU
		{75E2E122-2BA2-4BC2-BF5B-DAC0E89338D5}.Release|Any CPU.Build.0 = Release|Any CPU
		{4319E81A-DB8D-4970-80B5-3DECCA4A58A8}.Debug|Any CPU.ActiveCfg = Debug|Any CPU
		{4319E81A-DB8D-4970-80B5-3DECCA4A58A8}.Debug|Any CPU.Build.0 = Debug|Any CPU
		{4319E81A-DB8D-4970-80B5-3DECCA4A58A8}.Release|Any CPU.ActiveCfg = Release|Any CPU
		{4319E81A-DB8D-4970-80B5-3DECCA4A58A8}.Release|Any CPU.Build.0 = Release|Any CPU
		{BDC11802-C964-48D3-B246-3B7A60C27AFF}.Debug|Any CPU.ActiveCfg = Debug|Any CPU
		{BDC11802-C964-48D3-B246-3B7A60C27AFF}.Debug|Any CPU.Build.0 = Debug|Any CPU
		{BDC11802-C964-48D3-B246-3B7A60C27AFF}.Release|Any CPU.ActiveCfg = Release|Any CPU
		{BDC11802-C964-48D3-B246-3B7A60C27AFF}.Release|Any CPU.Build.0 = Release|Any CPU
		{3A0F767E-6B17-4A73-A704-B8AEFCD3395C}.Debug|Any CPU.ActiveCfg = Debug|Any CPU
		{3A0F767E-6B17-4A73-A704-B8AEFCD3395C}.Debug|Any CPU.Build.0 = Debug|Any CPU
		{3A0F767E-6B17-4A73-A704-B8AEFCD3395C}.Release|Any CPU.ActiveCfg = Release|Any CPU
		{3A0F767E-6B17-4A73-A704-B8AEFCD3395C}.Release|Any CPU.Build.0 = Release|Any CPU
		{4C23242F-4F58-4523-AE8E-592743D8217B}.Debug|Any CPU.ActiveCfg = Debug|Any CPU
		{4C23242F-4F58-4523-AE8E-592743D8217B}.Debug|Any CPU.Build.0 = Debug|Any CPU
		{4C23242F-4F58-4523-AE8E-592743D8217B}.Release|Any CPU.ActiveCfg = Release|Any CPU
		{4C23242F-4F58-4523-AE8E-592743D8217B}.Release|Any CPU.Build.0 = Release|Any CPU
		{6D103C6C-255E-488D-8A49-72E5BBEAB2A1}.Debug|Any CPU.ActiveCfg = Debug|Any CPU
		{6D103C6C-255E-488D-8A49-72E5BBEAB2A1}.Debug|Any CPU.Build.0 = Debug|Any CPU
		{6D103C6C-255E-488D-8A49-72E5BBEAB2A1}.Release|Any CPU.ActiveCfg = Release|Any CPU
		{6D103C6C-255E-488D-8A49-72E5BBEAB2A1}.Release|Any CPU.Build.0 = Release|Any CPU
		{1C0AA6AE-B2F8-4DB9-B8A0-7396D915EC11}.Debug|Any CPU.ActiveCfg = Debug|Any CPU
		{1C0AA6AE-B2F8-4DB9-B8A0-7396D915EC11}.Debug|Any CPU.Build.0 = Debug|Any CPU
		{1C0AA6AE-B2F8-4DB9-B8A0-7396D915EC11}.Release|Any CPU.ActiveCfg = Release|Any CPU
		{1C0AA6AE-B2F8-4DB9-B8A0-7396D915EC11}.Release|Any CPU.Build.0 = Release|Any CPU
		{A3B8EEA8-7D17-4C14-9C0D-2A54C0E4A00F}.Debug|Any CPU.ActiveCfg = Debug|Any CPU
		{A3B8EEA8-7D17-4C14-9C0D-2A54C0E4A00F}.Debug|Any CPU.Build.0 = Debug|Any CPU
		{A3B8EEA8-7D17-4C14-9C0D-2A54C0E4A00F}.Release|Any CPU.ActiveCfg = Release|Any CPU
		{A3B8EEA8-7D17-4C14-9C0D-2A54C0E4A00F}.Release|Any CPU.Build.0 = Release|Any CPU
		{F53D1818-8DFC-49E6-813F-B6FF902F5930}.Debug|Any CPU.ActiveCfg = Debug|Any CPU
		{F53D1818-8DFC-49E6-813F-B6FF902F5930}.Debug|Any CPU.Build.0 = Debug|Any CPU
		{F53D1818-8DFC-49E6-813F-B6FF902F5930}.Release|Any CPU.ActiveCfg = Release|Any CPU
		{F53D1818-8DFC-49E6-813F-B6FF902F5930}.Release|Any CPU.Build.0 = Release|Any CPU
		{05F7D65D-CB26-4CAE-B56D-1818EA918116}.Debug|Any CPU.ActiveCfg = Debug|Any CPU
		{05F7D65D-CB26-4CAE-B56D-1818EA918116}.Debug|Any CPU.Build.0 = Debug|Any CPU
		{05F7D65D-CB26-4CAE-B56D-1818EA918116}.Release|Any CPU.ActiveCfg = Release|Any CPU
		{05F7D65D-CB26-4CAE-B56D-1818EA918116}.Release|Any CPU.Build.0 = Release|Any CPU
	EndGlobalSection
	GlobalSection(SolutionProperties) = preSolution
		HideSolutionNode = FALSE
	EndGlobalSection
	GlobalSection(NestedProjects) = preSolution
		{4CBD4CAE-F9DC-4D58-9072-58D8A26A76A0} = {2FD1909C-75EB-4FE2-8C95-FF57B84982BC}
		{6D24DC22-BD34-4A8A-BB20-4EDE006B8D47} = {2FD1909C-75EB-4FE2-8C95-FF57B84982BC}
		{2CA52E34-AB65-4D59-90DE-8BAC5C75A7C8} = {2FD1909C-75EB-4FE2-8C95-FF57B84982BC}
		{D3E537C1-BB66-406C-A8EB-615767C17953} = {2FD1909C-75EB-4FE2-8C95-FF57B84982BC}
		{06F1F4E8-DA6E-420A-B6E8-284E6A2D21B2} = {6D24DC22-BD34-4A8A-BB20-4EDE006B8D47}
		{FA62E681-8D11-4FC1-BA06-C99C0DB9E288} = {6D24DC22-BD34-4A8A-BB20-4EDE006B8D47}
		{2019712B-6F23-40A3-9184-23471EDB7F1E} = {6D24DC22-BD34-4A8A-BB20-4EDE006B8D47}
		{C185C0D0-937E-4BE9-9620-0620C7D93519} = {6D24DC22-BD34-4A8A-BB20-4EDE006B8D47}
		{1CFB5AE5-4053-4BD0-AF4D-B1881EBAA9AB} = {6D24DC22-BD34-4A8A-BB20-4EDE006B8D47}
		{F8DF2644-6B41-4735-8E9A-15A77AC1BEC3} = {D3E537C1-BB66-406C-A8EB-615767C17953}
		{B7E06955-7E25-423E-BD45-DCA9AE49173E} = {D3E537C1-BB66-406C-A8EB-615767C17953}
		{2D71C80D-2E7D-4500-B1D6-2D17ECE25058} = {D3E537C1-BB66-406C-A8EB-615767C17953}
		{820D9FA6-0D3A-4ED1-81F7-E531DD9E7E5A} = {D3E537C1-BB66-406C-A8EB-615767C17953}
		{38715AEC-BE38-4F37-ABB7-70B2B6C9B979} = {D3E537C1-BB66-406C-A8EB-615767C17953}
		{3931504A-4F15-4690-8ED5-E9F5CB60FFC4} = {D3E537C1-BB66-406C-A8EB-615767C17953}
		{6DE98EC7-45E4-4D0B-A1F6-6605CE8104DA} = {D3E537C1-BB66-406C-A8EB-615767C17953}
		{9C2806F9-3B1E-4678-9807-1D8220868C91} = {D3E537C1-BB66-406C-A8EB-615767C17953}
		{FAD6A215-A690-49C8-A836-804B54528C43} = {05571AED-89F5-4CD7-BFB5-E95B160A38EA}
		{0E73341F-7757-48FF-8794-523CCB799FCB} = {05571AED-89F5-4CD7-BFB5-E95B160A38EA}
		{14B2B050-6599-45AD-BDEA-C02EDDBFE419} = {6D24DC22-BD34-4A8A-BB20-4EDE006B8D47}
		{94547A1B-86F0-4D82-B930-FA4C4F9F334E} = {D3E537C1-BB66-406C-A8EB-615767C17953}
		{C91A4D8B-89A7-4FB1-B181-F875E6A0B056} = {94547A1B-86F0-4D82-B930-FA4C4F9F334E}
		{94AEC63F-945F-47C0-82C7-22EECE9E2F4F} = {6D24DC22-BD34-4A8A-BB20-4EDE006B8D47}
		{862B2566-17C2-4031-8815-A55C7A2DB322} = {2CA52E34-AB65-4D59-90DE-8BAC5C75A7C8}
		{E1F10428-8CE3-4C4E-96A2-1C7678E7E17C} = {2CA52E34-AB65-4D59-90DE-8BAC5C75A7C8}
		{06C795FC-B9FD-461B-82C3-D9E20A9F8585} = {05571AED-89F5-4CD7-BFB5-E95B160A38EA}
		{8F8DCBEE-E2C9-424B-B031-ED42FD2EA6ED} = {57E2CD8C-16DC-488A-A819-2830052598EE}
		{BC4EB46C-70CA-4527-B940-6BAF5B3B27D8} = {2CA52E34-AB65-4D59-90DE-8BAC5C75A7C8}
		{B443A0F0-E9C9-4505-A741-A8F22341A641} = {05571AED-89F5-4CD7-BFB5-E95B160A38EA}
		{6B6BBB8A-6C03-4FF8-917C-CEBFA58EEC97} = {B443A0F0-E9C9-4505-A741-A8F22341A641}
		{75E2E122-2BA2-4BC2-BF5B-DAC0E89338D5} = {06C795FC-B9FD-461B-82C3-D9E20A9F8585}
		{4319E81A-DB8D-4970-80B5-3DECCA4A58A8} = {6D24DC22-BD34-4A8A-BB20-4EDE006B8D47}
		{BDC11802-C964-48D3-B246-3B7A60C27AFF} = {B443A0F0-E9C9-4505-A741-A8F22341A641}
		{3A0F767E-6B17-4A73-A704-B8AEFCD3395C} = {06C795FC-B9FD-461B-82C3-D9E20A9F8585}
		{4C23242F-4F58-4523-AE8E-592743D8217B} = {06C795FC-B9FD-461B-82C3-D9E20A9F8585}
		{6D103C6C-255E-488D-8A49-72E5BBEAB2A1} = {06C795FC-B9FD-461B-82C3-D9E20A9F8585}
		{1C0AA6AE-B2F8-4DB9-B8A0-7396D915EC11} = {06C795FC-B9FD-461B-82C3-D9E20A9F8585}
		{A3B8EEA8-7D17-4C14-9C0D-2A54C0E4A00F} = {06C795FC-B9FD-461B-82C3-D9E20A9F8585}
		{F53D1818-8DFC-49E6-813F-B6FF902F5930} = {4CBD4CAE-F9DC-4D58-9072-58D8A26A76A0}
		{D4FEC4A7-6A6D-4A40-9C6A-6C6253ADBB12} = {2FD1909C-75EB-4FE2-8C95-FF57B84982BC}
		{05F7D65D-CB26-4CAE-B56D-1818EA918116} = {D4FEC4A7-6A6D-4A40-9C6A-6C6253ADBB12}
	EndGlobalSection
	GlobalSection(ExtensibilityGlobals) = postSolution
		SolutionGuid = {98260DBF-BA5B-4B36-9CF0-76669410B300}
	EndGlobalSection
EndGlobal
